// !$*UTF8*$!
{
	archiveVersion = 1;
	classes = {
	};
	objectVersion = 50;
	objects = {

/* Begin PBXBuildFile section */
		C9496F7D219B2A4A003753AC /* Sheets.framework in Frameworks */ = {isa = PBXBuildFile; fileRef = C9496F73219B2A4A003753AC /* Sheets.framework */; };
		C9496FB2219B2D5C003753AC /* SheetViewController.swift in Sources */ = {isa = PBXBuildFile; fileRef = C9496FB1219B2D5C003753AC /* SheetViewController.swift */; };
		C9496FB8219B76E0003753AC /* SheetAnimationController.swift in Sources */ = {isa = PBXBuildFile; fileRef = C9496FB7219B76E0003753AC /* SheetAnimationController.swift */; };
		C9496FBA219B7736003753AC /* SheetTransitioningDelegate.swift in Sources */ = {isa = PBXBuildFile; fileRef = C9496FB9219B7736003753AC /* SheetTransitioningDelegate.swift */; };
		C9496FBC219B788A003753AC /* SheetView.swift in Sources */ = {isa = PBXBuildFile; fileRef = C9496FBB219B788A003753AC /* SheetView.swift */; };
		C9496FBE219B78AF003753AC /* SheetConfiguration.swift in Sources */ = {isa = PBXBuildFile; fileRef = C9496FBD219B78AF003753AC /* SheetConfiguration.swift */; };
		C9496FC0219B78C4003753AC /* SheetPosition.swift in Sources */ = {isa = PBXBuildFile; fileRef = C9496FBF219B78C4003753AC /* SheetPosition.swift */; };
		C94A275D21B1B6830059C398 /* SheetConfigurationTests.swift in Sources */ = {isa = PBXBuildFile; fileRef = C94A275C21B1B6830059C398 /* SheetConfigurationTests.swift */; };
		C94A275F21B1C4420059C398 /* SheetHandleConfigurationTests.swift in Sources */ = {isa = PBXBuildFile; fileRef = C94A275E21B1C4420059C398 /* SheetHandleConfigurationTests.swift */; };
		C94A276221B1C4C80059C398 /* BackwardStackSheetTransitionManagerTests.swift in Sources */ = {isa = PBXBuildFile; fileRef = C94A276121B1C4C80059C398 /* BackwardStackSheetTransitionManagerTests.swift */; };
		C94A276421B1C6A90059C398 /* ForwardStackSheetTarnsitionManager.swift in Sources */ = {isa = PBXBuildFile; fileRef = C94A276321B1C6A90059C398 /* ForwardStackSheetTarnsitionManager.swift */; };
		C96B52D324AA2328006998BE /* SheetPresentationController.swift in Sources */ = {isa = PBXBuildFile; fileRef = C96B52D224AA2328006998BE /* SheetPresentationController.swift */; };
		C99A872A21AEE6F700F8E7D2 /* ForwardStackSheetTransitionManager.swift in Sources */ = {isa = PBXBuildFile; fileRef = C99A872921AEE6F700F8E7D2 /* ForwardStackSheetTransitionManager.swift */; };
		C99A872C21AEF0F200F8E7D2 /* SheetTransitionManager.swift in Sources */ = {isa = PBXBuildFile; fileRef = C99A872B21AEF0F200F8E7D2 /* SheetTransitionManager.swift */; };
		C99A872E21AEF11700F8E7D2 /* BackwardStackSheetTransitionManager.swift in Sources */ = {isa = PBXBuildFile; fileRef = C99A872D21AEF11700F8E7D2 /* BackwardStackSheetTransitionManager.swift */; };
		C9A2F5E921B5BEA60093AC6B /* SheetContentView.swift in Sources */ = {isa = PBXBuildFile; fileRef = C9A2F5E821B5BEA60093AC6B /* SheetContentView.swift */; };
		C9A2F5EB21B5BEBD0093AC6B /* SheetLayoutManager.swift in Sources */ = {isa = PBXBuildFile; fileRef = C9A2F5EA21B5BEBD0093AC6B /* SheetLayoutManager.swift */; };
		C9A2F5ED21B5DB1A0093AC6B /* SheetLayoutManagerTests.swift in Sources */ = {isa = PBXBuildFile; fileRef = C9A2F5EC21B5DB1A0093AC6B /* SheetLayoutManagerTests.swift */; };
		C9A2F5EF21B5DBFE0093AC6B /* SheetContentViewTests.swift in Sources */ = {isa = PBXBuildFile; fileRef = C9A2F5EE21B5DBFE0093AC6B /* SheetContentViewTests.swift */; };
		C9ADF9A5219F0FAE00F7D4EC /* SheetBackgroundView.swift in Sources */ = {isa = PBXBuildFile; fileRef = C9ADF9A4219F0FAE00F7D4EC /* SheetBackgroundView.swift */; };
		C9ADF9A7219F0FBF00F7D4EC /* DimmingSheetBackgroundView.swift in Sources */ = {isa = PBXBuildFile; fileRef = C9ADF9A6219F0FBF00F7D4EC /* DimmingSheetBackgroundView.swift */; };
		C9ADF9A9219F0FD200F7D4EC /* BlurredSheetBackgroundView.swift in Sources */ = {isa = PBXBuildFile; fileRef = C9ADF9A8219F0FD200F7D4EC /* BlurredSheetBackgroundView.swift */; };
		C9ADF9AC219F1B8A00F7D4EC /* SheetHandleView.swift in Sources */ = {isa = PBXBuildFile; fileRef = C9ADF9AB219F1B8A00F7D4EC /* SheetHandleView.swift */; };
		C9C2837B219F31F6006E2C2B /* SheetViewDelegate.swift in Sources */ = {isa = PBXBuildFile; fileRef = C9C2837A219F31F6006E2C2B /* SheetViewDelegate.swift */; };
		C9C2837D219F323F006E2C2B /* SheetViewControllerDelegate.swift in Sources */ = {isa = PBXBuildFile; fileRef = C9C2837C219F323F006E2C2B /* SheetViewControllerDelegate.swift */; };
		C9C2837F219F32FB006E2C2B /* SheetItem.swift in Sources */ = {isa = PBXBuildFile; fileRef = C9C2837E219F32FB006E2C2B /* SheetItem.swift */; };
		C9C28382219F51CB006E2C2B /* BlurredSheetBackgroundViewTests.swift in Sources */ = {isa = PBXBuildFile; fileRef = C9C28381219F51CB006E2C2B /* BlurredSheetBackgroundViewTests.swift */; };
		C9C28384219F52F5006E2C2B /* DimmingSheetBackgroundViewTests.swift in Sources */ = {isa = PBXBuildFile; fileRef = C9C28383219F52F5006E2C2B /* DimmingSheetBackgroundViewTests.swift */; };
		C9C28388219F539C006E2C2B /* SheetAnimationControllerTests.swift in Sources */ = {isa = PBXBuildFile; fileRef = C9C28387219F539C006E2C2B /* SheetAnimationControllerTests.swift */; };
		C9C2838A219F5E72006E2C2B /* SheetTransitioningDelegateTests.swift in Sources */ = {isa = PBXBuildFile; fileRef = C9C28389219F5E72006E2C2B /* SheetTransitioningDelegateTests.swift */; };
		C9C2838C219F6137006E2C2B /* SheetHandleViewTests.swift in Sources */ = {isa = PBXBuildFile; fileRef = C9C2838B219F6137006E2C2B /* SheetHandleViewTests.swift */; };
		C9C2838E219F621E006E2C2B /* SheetViewTests.swift in Sources */ = {isa = PBXBuildFile; fileRef = C9C2838D219F621E006E2C2B /* SheetViewTests.swift */; };
		C9C28390219F6227006E2C2B /* SheetViewControllerTests.swift in Sources */ = {isa = PBXBuildFile; fileRef = C9C2838F219F6227006E2C2B /* SheetViewControllerTests.swift */; };
		C9C283C3219F79D6006E2C2B /* UIGestureRecognizer+ForceGesture.swift in Sources */ = {isa = PBXBuildFile; fileRef = C9C283C2219F79D6006E2C2B /* UIGestureRecognizer+ForceGesture.swift */; };
		C9D1F68721B07D2300D8FA0C /* SheetHandleConfiguration.swift in Sources */ = {isa = PBXBuildFile; fileRef = C9D1F68621B07D2300D8FA0C /* SheetHandleConfiguration.swift */; };
/* End PBXBuildFile section */

/* Begin PBXContainerItemProxy section */
		C9496F7E219B2A4A003753AC /* PBXContainerItemProxy */ = {
			isa = PBXContainerItemProxy;
			containerPortal = C9496F6A219B2A4A003753AC /* Project object */;
			proxyType = 1;
			remoteGlobalIDString = C9496F72219B2A4A003753AC;
			remoteInfo = Sheets;
		};
/* End PBXContainerItemProxy section */

/* Begin PBXFileReference section */
		C9496F73219B2A4A003753AC /* Sheets.framework */ = {isa = PBXFileReference; explicitFileType = wrapper.framework; includeInIndex = 0; path = Sheets.framework; sourceTree = BUILT_PRODUCTS_DIR; };
		C9496F77219B2A4A003753AC /* Info.plist */ = {isa = PBXFileReference; lastKnownFileType = text.plist.xml; path = Info.plist; sourceTree = "<group>"; };
		C9496F7C219B2A4A003753AC /* SheetsTests.xctest */ = {isa = PBXFileReference; explicitFileType = wrapper.cfbundle; includeInIndex = 0; path = SheetsTests.xctest; sourceTree = BUILT_PRODUCTS_DIR; };
		C9496F83219B2A4A003753AC /* Info.plist */ = {isa = PBXFileReference; lastKnownFileType = text.plist.xml; path = Info.plist; sourceTree = "<group>"; };
		C9496FB1219B2D5C003753AC /* SheetViewController.swift */ = {isa = PBXFileReference; lastKnownFileType = sourcecode.swift; path = SheetViewController.swift; sourceTree = "<group>"; };
		C9496FB7219B76E0003753AC /* SheetAnimationController.swift */ = {isa = PBXFileReference; lastKnownFileType = sourcecode.swift; path = SheetAnimationController.swift; sourceTree = "<group>"; };
		C9496FB9219B7736003753AC /* SheetTransitioningDelegate.swift */ = {isa = PBXFileReference; lastKnownFileType = sourcecode.swift; path = SheetTransitioningDelegate.swift; sourceTree = "<group>"; };
		C9496FBB219B788A003753AC /* SheetView.swift */ = {isa = PBXFileReference; lastKnownFileType = sourcecode.swift; path = SheetView.swift; sourceTree = "<group>"; };
		C9496FBD219B78AF003753AC /* SheetConfiguration.swift */ = {isa = PBXFileReference; lastKnownFileType = sourcecode.swift; path = SheetConfiguration.swift; sourceTree = "<group>"; };
		C9496FBF219B78C4003753AC /* SheetPosition.swift */ = {isa = PBXFileReference; lastKnownFileType = sourcecode.swift; path = SheetPosition.swift; sourceTree = "<group>"; };
		C94A275C21B1B6830059C398 /* SheetConfigurationTests.swift */ = {isa = PBXFileReference; lastKnownFileType = sourcecode.swift; path = SheetConfigurationTests.swift; sourceTree = "<group>"; };
		C94A275E21B1C4420059C398 /* SheetHandleConfigurationTests.swift */ = {isa = PBXFileReference; lastKnownFileType = sourcecode.swift; path = SheetHandleConfigurationTests.swift; sourceTree = "<group>"; };
		C94A276121B1C4C80059C398 /* BackwardStackSheetTransitionManagerTests.swift */ = {isa = PBXFileReference; lastKnownFileType = sourcecode.swift; path = BackwardStackSheetTransitionManagerTests.swift; sourceTree = "<group>"; };
		C94A276321B1C6A90059C398 /* ForwardStackSheetTarnsitionManager.swift */ = {isa = PBXFileReference; lastKnownFileType = sourcecode.swift; path = ForwardStackSheetTarnsitionManager.swift; sourceTree = "<group>"; };
		C96B52D224AA2328006998BE /* SheetPresentationController.swift */ = {isa = PBXFileReference; lastKnownFileType = sourcecode.swift; path = SheetPresentationController.swift; sourceTree = "<group>"; };
		C99A872921AEE6F700F8E7D2 /* ForwardStackSheetTransitionManager.swift */ = {isa = PBXFileReference; lastKnownFileType = sourcecode.swift; path = ForwardStackSheetTransitionManager.swift; sourceTree = "<group>"; };
		C99A872B21AEF0F200F8E7D2 /* SheetTransitionManager.swift */ = {isa = PBXFileReference; lastKnownFileType = sourcecode.swift; path = SheetTransitionManager.swift; sourceTree = "<group>"; };
		C99A872D21AEF11700F8E7D2 /* BackwardStackSheetTransitionManager.swift */ = {isa = PBXFileReference; lastKnownFileType = sourcecode.swift; path = BackwardStackSheetTransitionManager.swift; sourceTree = "<group>"; };
		C9A2F5E821B5BEA60093AC6B /* SheetContentView.swift */ = {isa = PBXFileReference; lastKnownFileType = sourcecode.swift; path = SheetContentView.swift; sourceTree = "<group>"; };
		C9A2F5EA21B5BEBD0093AC6B /* SheetLayoutManager.swift */ = {isa = PBXFileReference; lastKnownFileType = sourcecode.swift; path = SheetLayoutManager.swift; sourceTree = "<group>"; };
		C9A2F5EC21B5DB1A0093AC6B /* SheetLayoutManagerTests.swift */ = {isa = PBXFileReference; lastKnownFileType = sourcecode.swift; path = SheetLayoutManagerTests.swift; sourceTree = "<group>"; };
		C9A2F5EE21B5DBFE0093AC6B /* SheetContentViewTests.swift */ = {isa = PBXFileReference; lastKnownFileType = sourcecode.swift; path = SheetContentViewTests.swift; sourceTree = "<group>"; };
		C9ADF9A4219F0FAE00F7D4EC /* SheetBackgroundView.swift */ = {isa = PBXFileReference; lastKnownFileType = sourcecode.swift; path = SheetBackgroundView.swift; sourceTree = "<group>"; };
		C9ADF9A6219F0FBF00F7D4EC /* DimmingSheetBackgroundView.swift */ = {isa = PBXFileReference; lastKnownFileType = sourcecode.swift; path = DimmingSheetBackgroundView.swift; sourceTree = "<group>"; };
		C9ADF9A8219F0FD200F7D4EC /* BlurredSheetBackgroundView.swift */ = {isa = PBXFileReference; lastKnownFileType = sourcecode.swift; path = BlurredSheetBackgroundView.swift; sourceTree = "<group>"; };
		C9ADF9AB219F1B8A00F7D4EC /* SheetHandleView.swift */ = {isa = PBXFileReference; lastKnownFileType = sourcecode.swift; path = SheetHandleView.swift; sourceTree = "<group>"; };
		C9C2837A219F31F6006E2C2B /* SheetViewDelegate.swift */ = {isa = PBXFileReference; lastKnownFileType = sourcecode.swift; path = SheetViewDelegate.swift; sourceTree = "<group>"; };
		C9C2837C219F323F006E2C2B /* SheetViewControllerDelegate.swift */ = {isa = PBXFileReference; lastKnownFileType = sourcecode.swift; path = SheetViewControllerDelegate.swift; sourceTree = "<group>"; };
		C9C2837E219F32FB006E2C2B /* SheetItem.swift */ = {isa = PBXFileReference; lastKnownFileType = sourcecode.swift; path = SheetItem.swift; sourceTree = "<group>"; };
		C9C28381219F51CB006E2C2B /* BlurredSheetBackgroundViewTests.swift */ = {isa = PBXFileReference; lastKnownFileType = sourcecode.swift; path = BlurredSheetBackgroundViewTests.swift; sourceTree = "<group>"; };
		C9C28383219F52F5006E2C2B /* DimmingSheetBackgroundViewTests.swift */ = {isa = PBXFileReference; lastKnownFileType = sourcecode.swift; path = DimmingSheetBackgroundViewTests.swift; sourceTree = "<group>"; };
		C9C28387219F539C006E2C2B /* SheetAnimationControllerTests.swift */ = {isa = PBXFileReference; lastKnownFileType = sourcecode.swift; path = SheetAnimationControllerTests.swift; sourceTree = "<group>"; };
		C9C28389219F5E72006E2C2B /* SheetTransitioningDelegateTests.swift */ = {isa = PBXFileReference; lastKnownFileType = sourcecode.swift; path = SheetTransitioningDelegateTests.swift; sourceTree = "<group>"; };
		C9C2838B219F6137006E2C2B /* SheetHandleViewTests.swift */ = {isa = PBXFileReference; lastKnownFileType = sourcecode.swift; path = SheetHandleViewTests.swift; sourceTree = "<group>"; };
		C9C2838D219F621E006E2C2B /* SheetViewTests.swift */ = {isa = PBXFileReference; lastKnownFileType = sourcecode.swift; path = SheetViewTests.swift; sourceTree = "<group>"; };
		C9C2838F219F6227006E2C2B /* SheetViewControllerTests.swift */ = {isa = PBXFileReference; lastKnownFileType = sourcecode.swift; path = SheetViewControllerTests.swift; sourceTree = "<group>"; };
		C9C283C2219F79D6006E2C2B /* UIGestureRecognizer+ForceGesture.swift */ = {isa = PBXFileReference; lastKnownFileType = sourcecode.swift; path = "UIGestureRecognizer+ForceGesture.swift"; sourceTree = "<group>"; };
		C9D1F68621B07D2300D8FA0C /* SheetHandleConfiguration.swift */ = {isa = PBXFileReference; lastKnownFileType = sourcecode.swift; path = SheetHandleConfiguration.swift; sourceTree = "<group>"; };
/* End PBXFileReference section */

/* Begin PBXFrameworksBuildPhase section */
		C9496F70219B2A4A003753AC /* Frameworks */ = {
			isa = PBXFrameworksBuildPhase;
			buildActionMask = 2147483647;
			files = (
			);
			runOnlyForDeploymentPostprocessing = 0;
		};
		C9496F79219B2A4A003753AC /* Frameworks */ = {
			isa = PBXFrameworksBuildPhase;
			buildActionMask = 2147483647;
			files = (
				C9496F7D219B2A4A003753AC /* Sheets.framework in Frameworks */,
			);
			runOnlyForDeploymentPostprocessing = 0;
		};
/* End PBXFrameworksBuildPhase section */

/* Begin PBXGroup section */
		C9496F69219B2A4A003753AC = {
			isa = PBXGroup;
			children = (
				C9496F74219B2A4A003753AC /* Products */,
				C9496F75219B2A4A003753AC /* Sheets */,
				C9496F80219B2A4A003753AC /* SheetsTests */,
			);
			sourceTree = "<group>";
		};
		C9496F74219B2A4A003753AC /* Products */ = {
			isa = PBXGroup;
			children = (
				C9496F73219B2A4A003753AC /* Sheets.framework */,
				C9496F7C219B2A4A003753AC /* SheetsTests.xctest */,
			);
			name = Products;
			sourceTree = "<group>";
		};
		C9496F75219B2A4A003753AC /* Sheets */ = {
			isa = PBXGroup;
			children = (
				C9ADF9A3219F0F9C00F7D4EC /* BackgroundView */,
				C9D1F68521B07D1300D8FA0C /* Configuration */,
				C9ADF9AA219F10F000F7D4EC /* PresentationAnimation */,
				C9496FB0219B2D46003753AC /* Support */,
				C99A872821AEE6E000F8E7D2 /* SheetTransition */,
				C9A2F5E821B5BEA60093AC6B /* SheetContentView.swift */,
				C9ADF9AB219F1B8A00F7D4EC /* SheetHandleView.swift */,
				C9C2837E219F32FB006E2C2B /* SheetItem.swift */,
				C9A2F5EA21B5BEBD0093AC6B /* SheetLayoutManager.swift */,
				C9496FBF219B78C4003753AC /* SheetPosition.swift */,
				C9496FBB219B788A003753AC /* SheetView.swift */,
				C9C2837A219F31F6006E2C2B /* SheetViewDelegate.swift */,
				C9496FB1219B2D5C003753AC /* SheetViewController.swift */,
				C9C2837C219F323F006E2C2B /* SheetViewControllerDelegate.swift */,
			);
			path = Sheets;
			sourceTree = "<group>";
		};
		C9496F80219B2A4A003753AC /* SheetsTests */ = {
			isa = PBXGroup;
			children = (
				C9C28380219F51A3006E2C2B /* BackgroundView */,
				C94A275B21B1B66B0059C398 /* Configuration */,
				C9C28386219F538C006E2C2B /* PresentationAnimation */,
				C94A276021B1C4A90059C398 /* SheetTransition */,
				C9C28385219F5381006E2C2B /* Support */,
				C9C283C1219F79C3006E2C2B /* TestHelpers */,
				C9A2F5EE21B5DBFE0093AC6B /* SheetContentViewTests.swift */,
				C9C2838B219F6137006E2C2B /* SheetHandleViewTests.swift */,
				C9A2F5EC21B5DB1A0093AC6B /* SheetLayoutManagerTests.swift */,
				C9C2838D219F621E006E2C2B /* SheetViewTests.swift */,
				C9C2838F219F6227006E2C2B /* SheetViewControllerTests.swift */,
			);
			path = SheetsTests;
			sourceTree = "<group>";
		};
		C9496FB0219B2D46003753AC /* Support */ = {
			isa = PBXGroup;
			children = (
				C9496F77219B2A4A003753AC /* Info.plist */,
			);
			path = Support;
			sourceTree = "<group>";
		};
		C94A275B21B1B66B0059C398 /* Configuration */ = {
			isa = PBXGroup;
			children = (
				C94A275C21B1B6830059C398 /* SheetConfigurationTests.swift */,
				C94A275E21B1C4420059C398 /* SheetHandleConfigurationTests.swift */,
			);
			path = Configuration;
			sourceTree = "<group>";
		};
		C94A276021B1C4A90059C398 /* SheetTransition */ = {
			isa = PBXGroup;
			children = (
				C94A276121B1C4C80059C398 /* BackwardStackSheetTransitionManagerTests.swift */,
				C94A276321B1C6A90059C398 /* ForwardStackSheetTarnsitionManager.swift */,
			);
			path = SheetTransition;
			sourceTree = "<group>";
		};
		C99A872821AEE6E000F8E7D2 /* SheetTransition */ = {
			isa = PBXGroup;
			children = (
				C99A872D21AEF11700F8E7D2 /* BackwardStackSheetTransitionManager.swift */,
				C99A872921AEE6F700F8E7D2 /* ForwardStackSheetTransitionManager.swift */,
				C99A872B21AEF0F200F8E7D2 /* SheetTransitionManager.swift */,
			);
			path = SheetTransition;
			sourceTree = "<group>";
		};
		C9ADF9A3219F0F9C00F7D4EC /* BackgroundView */ = {
			isa = PBXGroup;
			children = (
				C9ADF9A8219F0FD200F7D4EC /* BlurredSheetBackgroundView.swift */,
				C9ADF9A6219F0FBF00F7D4EC /* DimmingSheetBackgroundView.swift */,
				C9ADF9A4219F0FAE00F7D4EC /* SheetBackgroundView.swift */,
			);
			path = BackgroundView;
			sourceTree = "<group>";
		};
		C9ADF9AA219F10F000F7D4EC /* PresentationAnimation */ = {
			isa = PBXGroup;
			children = (
				C9496FB7219B76E0003753AC /* SheetAnimationController.swift */,
				C96B52D224AA2328006998BE /* SheetPresentationController.swift */,
				C9496FB9219B7736003753AC /* SheetTransitioningDelegate.swift */,
			);
			path = PresentationAnimation;
			sourceTree = "<group>";
		};
		C9C28380219F51A3006E2C2B /* BackgroundView */ = {
			isa = PBXGroup;
			children = (
				C9C28381219F51CB006E2C2B /* BlurredSheetBackgroundViewTests.swift */,
				C9C28383219F52F5006E2C2B /* DimmingSheetBackgroundViewTests.swift */,
			);
			path = BackgroundView;
			sourceTree = "<group>";
		};
		C9C28385219F5381006E2C2B /* Support */ = {
			isa = PBXGroup;
			children = (
				C9496F83219B2A4A003753AC /* Info.plist */,
			);
			path = Support;
			sourceTree = "<group>";
		};
		C9C28386219F538C006E2C2B /* PresentationAnimation */ = {
			isa = PBXGroup;
			children = (
				C9C28387219F539C006E2C2B /* SheetAnimationControllerTests.swift */,
				C9C28389219F5E72006E2C2B /* SheetTransitioningDelegateTests.swift */,
			);
			path = PresentationAnimation;
			sourceTree = "<group>";
		};
		C9C283C1219F79C3006E2C2B /* TestHelpers */ = {
			isa = PBXGroup;
			children = (
				C9C283C2219F79D6006E2C2B /* UIGestureRecognizer+ForceGesture.swift */,
			);
			path = TestHelpers;
			sourceTree = "<group>";
		};
		C9D1F68521B07D1300D8FA0C /* Configuration */ = {
			isa = PBXGroup;
			children = (
				C9496FBD219B78AF003753AC /* SheetConfiguration.swift */,
				C9D1F68621B07D2300D8FA0C /* SheetHandleConfiguration.swift */,
			);
			path = Configuration;
			sourceTree = "<group>";
		};
/* End PBXGroup section */

/* Begin PBXHeadersBuildPhase section */
		C9496F6E219B2A4A003753AC /* Headers */ = {
			isa = PBXHeadersBuildPhase;
			buildActionMask = 2147483647;
			files = (
			);
			runOnlyForDeploymentPostprocessing = 0;
		};
/* End PBXHeadersBuildPhase section */

/* Begin PBXNativeTarget section */
		C9496F72219B2A4A003753AC /* Sheets */ = {
			isa = PBXNativeTarget;
			buildConfigurationList = C9496F87219B2A4A003753AC /* Build configuration list for PBXNativeTarget "Sheets" */;
			buildPhases = (
				C9496F6E219B2A4A003753AC /* Headers */,
				C9496F6F219B2A4A003753AC /* Sources */,
				C9496F70219B2A4A003753AC /* Frameworks */,
				C9496F71219B2A4A003753AC /* Resources */,
				C9D1F68821B0826000D8FA0C /* SwiftLint */,
			);
			buildRules = (
			);
			dependencies = (
			);
			name = Sheets;
			productName = Sheets;
			productReference = C9496F73219B2A4A003753AC /* Sheets.framework */;
			productType = "com.apple.product-type.framework";
		};
		C9496F7B219B2A4A003753AC /* SheetsTests */ = {
			isa = PBXNativeTarget;
			buildConfigurationList = C9496F8A219B2A4A003753AC /* Build configuration list for PBXNativeTarget "SheetsTests" */;
			buildPhases = (
				C9496F78219B2A4A003753AC /* Sources */,
				C9496F79219B2A4A003753AC /* Frameworks */,
				C9496F7A219B2A4A003753AC /* Resources */,
			);
			buildRules = (
			);
			dependencies = (
				C9496F7F219B2A4A003753AC /* PBXTargetDependency */,
			);
			name = SheetsTests;
			productName = SheetsTests;
			productReference = C9496F7C219B2A4A003753AC /* SheetsTests.xctest */;
			productType = "com.apple.product-type.bundle.unit-test";
		};
/* End PBXNativeTarget section */

/* Begin PBXProject section */
		C9496F6A219B2A4A003753AC /* Project object */ = {
			isa = PBXProject;
			attributes = {
				LastSwiftUpdateCheck = 1010;
				LastUpgradeCheck = 1220;
				ORGANIZATIONNAME = Livefront;
				TargetAttributes = {
					C9496F72219B2A4A003753AC = {
						CreatedOnToolsVersion = 10.1;
						LastSwiftMigration = 1130;
					};
					C9496F7B219B2A4A003753AC = {
						CreatedOnToolsVersion = 10.1;
						LastSwiftMigration = 1130;
					};
				};
			};
			buildConfigurationList = C9496F6D219B2A4A003753AC /* Build configuration list for PBXProject "Sheets" */;
			compatibilityVersion = "Xcode 9.3";
			developmentRegion = en;
			hasScannedForEncodings = 0;
			knownRegions = (
				en,
				Base,
			);
			mainGroup = C9496F69219B2A4A003753AC;
			productRefGroup = C9496F74219B2A4A003753AC /* Products */;
			projectDirPath = "";
			projectRoot = "";
			targets = (
				C9496F72219B2A4A003753AC /* Sheets */,
				C9496F7B219B2A4A003753AC /* SheetsTests */,
			);
		};
/* End PBXProject section */

/* Begin PBXResourcesBuildPhase section */
		C9496F71219B2A4A003753AC /* Resources */ = {
			isa = PBXResourcesBuildPhase;
			buildActionMask = 2147483647;
			files = (
			);
			runOnlyForDeploymentPostprocessing = 0;
		};
		C9496F7A219B2A4A003753AC /* Resources */ = {
			isa = PBXResourcesBuildPhase;
			buildActionMask = 2147483647;
			files = (
			);
			runOnlyForDeploymentPostprocessing = 0;
		};
/* End PBXResourcesBuildPhase section */

/* Begin PBXShellScriptBuildPhase section */
		C9D1F68821B0826000D8FA0C /* SwiftLint */ = {
			isa = PBXShellScriptBuildPhase;
			buildActionMask = 2147483647;
			files = (
			);
			inputFileListPaths = (
			);
			inputPaths = (
			);
			name = SwiftLint;
			outputFileListPaths = (
			);
			outputPaths = (
			);
			runOnlyForDeploymentPostprocessing = 0;
			shellPath = /bin/sh;
			shellScript = "${SRCROOT}/Vendor/SwiftLint/swiftlint\n";
		};
/* End PBXShellScriptBuildPhase section */

/* Begin PBXSourcesBuildPhase section */
		C9496F6F219B2A4A003753AC /* Sources */ = {
			isa = PBXSourcesBuildPhase;
			buildActionMask = 2147483647;
			files = (
				C9ADF9AC219F1B8A00F7D4EC /* SheetHandleView.swift in Sources */,
				C9ADF9A5219F0FAE00F7D4EC /* SheetBackgroundView.swift in Sources */,
				C9A2F5E921B5BEA60093AC6B /* SheetContentView.swift in Sources */,
				C9496FBA219B7736003753AC /* SheetTransitioningDelegate.swift in Sources */,
				C99A872A21AEE6F700F8E7D2 /* ForwardStackSheetTransitionManager.swift in Sources */,
				C9496FBE219B78AF003753AC /* SheetConfiguration.swift in Sources */,
				C99A872C21AEF0F200F8E7D2 /* SheetTransitionManager.swift in Sources */,
				C9496FB8219B76E0003753AC /* SheetAnimationController.swift in Sources */,
				C9C2837D219F323F006E2C2B /* SheetViewControllerDelegate.swift in Sources */,
				C99A872E21AEF11700F8E7D2 /* BackwardStackSheetTransitionManager.swift in Sources */,
				C9ADF9A9219F0FD200F7D4EC /* BlurredSheetBackgroundView.swift in Sources */,
				C9496FBC219B788A003753AC /* SheetView.swift in Sources */,
				C9C2837F219F32FB006E2C2B /* SheetItem.swift in Sources */,
				C96B52D324AA2328006998BE /* SheetPresentationController.swift in Sources */,
				C9D1F68721B07D2300D8FA0C /* SheetHandleConfiguration.swift in Sources */,
				C9496FC0219B78C4003753AC /* SheetPosition.swift in Sources */,
				C9ADF9A7219F0FBF00F7D4EC /* DimmingSheetBackgroundView.swift in Sources */,
				C9C2837B219F31F6006E2C2B /* SheetViewDelegate.swift in Sources */,
				C9A2F5EB21B5BEBD0093AC6B /* SheetLayoutManager.swift in Sources */,
				C9496FB2219B2D5C003753AC /* SheetViewController.swift in Sources */,
			);
			runOnlyForDeploymentPostprocessing = 0;
		};
		C9496F78219B2A4A003753AC /* Sources */ = {
			isa = PBXSourcesBuildPhase;
			buildActionMask = 2147483647;
			files = (
				C94A275D21B1B6830059C398 /* SheetConfigurationTests.swift in Sources */,
				C9C2838A219F5E72006E2C2B /* SheetTransitioningDelegateTests.swift in Sources */,
				C9A2F5EF21B5DBFE0093AC6B /* SheetContentViewTests.swift in Sources */,
				C9C2838C219F6137006E2C2B /* SheetHandleViewTests.swift in Sources */,
				C9C2838E219F621E006E2C2B /* SheetViewTests.swift in Sources */,
				C94A276221B1C4C80059C398 /* BackwardStackSheetTransitionManagerTests.swift in Sources */,
				C9C28384219F52F5006E2C2B /* DimmingSheetBackgroundViewTests.swift in Sources */,
				C9A2F5ED21B5DB1A0093AC6B /* SheetLayoutManagerTests.swift in Sources */,
				C9C28390219F6227006E2C2B /* SheetViewControllerTests.swift in Sources */,
				C9C28382219F51CB006E2C2B /* BlurredSheetBackgroundViewTests.swift in Sources */,
				C9C28388219F539C006E2C2B /* SheetAnimationControllerTests.swift in Sources */,
				C94A276421B1C6A90059C398 /* ForwardStackSheetTarnsitionManager.swift in Sources */,
				C94A275F21B1C4420059C398 /* SheetHandleConfigurationTests.swift in Sources */,
				C9C283C3219F79D6006E2C2B /* UIGestureRecognizer+ForceGesture.swift in Sources */,
			);
			runOnlyForDeploymentPostprocessing = 0;
		};
/* End PBXSourcesBuildPhase section */

/* Begin PBXTargetDependency section */
		C9496F7F219B2A4A003753AC /* PBXTargetDependency */ = {
			isa = PBXTargetDependency;
			target = C9496F72219B2A4A003753AC /* Sheets */;
			targetProxy = C9496F7E219B2A4A003753AC /* PBXContainerItemProxy */;
		};
/* End PBXTargetDependency section */

/* Begin XCBuildConfiguration section */
		C9496F85219B2A4A003753AC /* Debug */ = {
			isa = XCBuildConfiguration;
			buildSettings = {
				ALWAYS_SEARCH_USER_PATHS = NO;
				CLANG_ANALYZER_NONNULL = YES;
				CLANG_ANALYZER_NUMBER_OBJECT_CONVERSION = YES_AGGRESSIVE;
				CLANG_CXX_LANGUAGE_STANDARD = "gnu++14";
				CLANG_CXX_LIBRARY = "libc++";
				CLANG_ENABLE_MODULES = YES;
				CLANG_ENABLE_OBJC_ARC = YES;
				CLANG_ENABLE_OBJC_WEAK = YES;
				CLANG_WARN_BLOCK_CAPTURE_AUTORELEASING = YES;
				CLANG_WARN_BOOL_CONVERSION = YES;
				CLANG_WARN_COMMA = YES;
				CLANG_WARN_CONSTANT_CONVERSION = YES;
				CLANG_WARN_DEPRECATED_OBJC_IMPLEMENTATIONS = YES;
				CLANG_WARN_DIRECT_OBJC_ISA_USAGE = YES_ERROR;
				CLANG_WARN_DOCUMENTATION_COMMENTS = YES;
				CLANG_WARN_EMPTY_BODY = YES;
				CLANG_WARN_ENUM_CONVERSION = YES;
				CLANG_WARN_INFINITE_RECURSION = YES;
				CLANG_WARN_INT_CONVERSION = YES;
				CLANG_WARN_NON_LITERAL_NULL_CONVERSION = YES;
				CLANG_WARN_OBJC_IMPLICIT_RETAIN_SELF = YES;
				CLANG_WARN_OBJC_LITERAL_CONVERSION = YES;
				CLANG_WARN_OBJC_ROOT_CLASS = YES_ERROR;
				CLANG_WARN_QUOTED_INCLUDE_IN_FRAMEWORK_HEADER = YES;
				CLANG_WARN_RANGE_LOOP_ANALYSIS = YES;
				CLANG_WARN_STRICT_PROTOTYPES = YES;
				CLANG_WARN_SUSPICIOUS_MOVE = YES;
				CLANG_WARN_UNGUARDED_AVAILABILITY = YES_AGGRESSIVE;
				CLANG_WARN_UNREACHABLE_CODE = YES;
				CLANG_WARN__DUPLICATE_METHOD_MATCH = YES;
				CODE_SIGN_IDENTITY = "iPhone Developer";
				COPY_PHASE_STRIP = NO;
				CURRENT_PROJECT_VERSION = 1;
				DEBUG_INFORMATION_FORMAT = dwarf;
				ENABLE_STRICT_OBJC_MSGSEND = YES;
				ENABLE_TESTABILITY = YES;
				GCC_C_LANGUAGE_STANDARD = gnu11;
				GCC_DYNAMIC_NO_PIC = NO;
				GCC_NO_COMMON_BLOCKS = YES;
				GCC_OPTIMIZATION_LEVEL = 0;
				GCC_PREPROCESSOR_DEFINITIONS = (
					"DEBUG=1",
					"$(inherited)",
				);
				GCC_WARN_64_TO_32_BIT_CONVERSION = YES;
				GCC_WARN_ABOUT_RETURN_TYPE = YES_ERROR;
				GCC_WARN_UNDECLARED_SELECTOR = YES;
				GCC_WARN_UNINITIALIZED_AUTOS = YES_AGGRESSIVE;
				GCC_WARN_UNUSED_FUNCTION = YES;
				GCC_WARN_UNUSED_VARIABLE = YES;
				IPHONEOS_DEPLOYMENT_TARGET = 12.1;
				MTL_ENABLE_DEBUG_INFO = INCLUDE_SOURCE;
				MTL_FAST_MATH = YES;
				ONLY_ACTIVE_ARCH = YES;
				SDKROOT = iphoneos;
				SWIFT_ACTIVE_COMPILATION_CONDITIONS = DEBUG;
				SWIFT_OPTIMIZATION_LEVEL = "-Onone";
				VERSIONING_SYSTEM = "apple-generic";
				VERSION_INFO_PREFIX = "";
			};
			name = Debug;
		};
		C9496F86219B2A4A003753AC /* Release */ = {
			isa = XCBuildConfiguration;
			buildSettings = {
				ALWAYS_SEARCH_USER_PATHS = NO;
				CLANG_ANALYZER_NONNULL = YES;
				CLANG_ANALYZER_NUMBER_OBJECT_CONVERSION = YES_AGGRESSIVE;
				CLANG_CXX_LANGUAGE_STANDARD = "gnu++14";
				CLANG_CXX_LIBRARY = "libc++";
				CLANG_ENABLE_MODULES = YES;
				CLANG_ENABLE_OBJC_ARC = YES;
				CLANG_ENABLE_OBJC_WEAK = YES;
				CLANG_WARN_BLOCK_CAPTURE_AUTORELEASING = YES;
				CLANG_WARN_BOOL_CONVERSION = YES;
				CLANG_WARN_COMMA = YES;
				CLANG_WARN_CONSTANT_CONVERSION = YES;
				CLANG_WARN_DEPRECATED_OBJC_IMPLEMENTATIONS = YES;
				CLANG_WARN_DIRECT_OBJC_ISA_USAGE = YES_ERROR;
				CLANG_WARN_DOCUMENTATION_COMMENTS = YES;
				CLANG_WARN_EMPTY_BODY = YES;
				CLANG_WARN_ENUM_CONVERSION = YES;
				CLANG_WARN_INFINITE_RECURSION = YES;
				CLANG_WARN_INT_CONVERSION = YES;
				CLANG_WARN_NON_LITERAL_NULL_CONVERSION = YES;
				CLANG_WARN_OBJC_IMPLICIT_RETAIN_SELF = YES;
				CLANG_WARN_OBJC_LITERAL_CONVERSION = YES;
				CLANG_WARN_OBJC_ROOT_CLASS = YES_ERROR;
				CLANG_WARN_QUOTED_INCLUDE_IN_FRAMEWORK_HEADER = YES;
				CLANG_WARN_RANGE_LOOP_ANALYSIS = YES;
				CLANG_WARN_STRICT_PROTOTYPES = YES;
				CLANG_WARN_SUSPICIOUS_MOVE = YES;
				CLANG_WARN_UNGUARDED_AVAILABILITY = YES_AGGRESSIVE;
				CLANG_WARN_UNREACHABLE_CODE = YES;
				CLANG_WARN__DUPLICATE_METHOD_MATCH = YES;
				CODE_SIGN_IDENTITY = "iPhone Developer";
				COPY_PHASE_STRIP = NO;
				CURRENT_PROJECT_VERSION = 1;
				DEBUG_INFORMATION_FORMAT = "dwarf-with-dsym";
				ENABLE_NS_ASSERTIONS = NO;
				ENABLE_STRICT_OBJC_MSGSEND = YES;
				GCC_C_LANGUAGE_STANDARD = gnu11;
				GCC_NO_COMMON_BLOCKS = YES;
				GCC_WARN_64_TO_32_BIT_CONVERSION = YES;
				GCC_WARN_ABOUT_RETURN_TYPE = YES_ERROR;
				GCC_WARN_UNDECLARED_SELECTOR = YES;
				GCC_WARN_UNINITIALIZED_AUTOS = YES_AGGRESSIVE;
				GCC_WARN_UNUSED_FUNCTION = YES;
				GCC_WARN_UNUSED_VARIABLE = YES;
				IPHONEOS_DEPLOYMENT_TARGET = 12.1;
				MTL_ENABLE_DEBUG_INFO = NO;
				MTL_FAST_MATH = YES;
				SDKROOT = iphoneos;
				SWIFT_COMPILATION_MODE = wholemodule;
				SWIFT_OPTIMIZATION_LEVEL = "-O";
				VALIDATE_PRODUCT = YES;
				VERSIONING_SYSTEM = "apple-generic";
				VERSION_INFO_PREFIX = "";
			};
			name = Release;
		};
		C9496F88219B2A4A003753AC /* Debug */ = {
			isa = XCBuildConfiguration;
			buildSettings = {
				CLANG_ENABLE_MODULES = YES;
				CODE_SIGN_IDENTITY = "";
				CODE_SIGN_STYLE = Automatic;
				DEFINES_MODULE = YES;
				DEVELOPMENT_TEAM = Q6SZ37AHX7;
				DYLIB_COMPATIBILITY_VERSION = 1;
				DYLIB_CURRENT_VERSION = 1;
				DYLIB_INSTALL_NAME_BASE = "@rpath";
				INFOPLIST_FILE = Sheets/Support/Info.plist;
				INSTALL_PATH = "$(LOCAL_LIBRARY_DIR)/Frameworks";
				IPHONEOS_DEPLOYMENT_TARGET = 12.0;
				LD_RUNPATH_SEARCH_PATHS = (
					"$(inherited)",
					"@executable_path/Frameworks",
					"@loader_path/Frameworks",
				);
				PRODUCT_BUNDLE_IDENTIFIER = com.livefront.Sheets;
				PRODUCT_NAME = "$(TARGET_NAME:c99extidentifier)";
				SKIP_INSTALL = YES;
				SWIFT_OPTIMIZATION_LEVEL = "-Onone";
				SWIFT_VERSION = 5.0;
				TARGETED_DEVICE_FAMILY = "1,2";
			};
			name = Debug;
		};
		C9496F89219B2A4A003753AC /* Release */ = {
			isa = XCBuildConfiguration;
			buildSettings = {
				CLANG_ENABLE_MODULES = YES;
				CODE_SIGN_IDENTITY = "";
				CODE_SIGN_STYLE = Automatic;
				DEFINES_MODULE = YES;
				DEVELOPMENT_TEAM = Q6SZ37AHX7;
				DYLIB_COMPATIBILITY_VERSION = 1;
				DYLIB_CURRENT_VERSION = 1;
				DYLIB_INSTALL_NAME_BASE = "@rpath";
				INFOPLIST_FILE = Sheets/Support/Info.plist;
				INSTALL_PATH = "$(LOCAL_LIBRARY_DIR)/Frameworks";
				IPHONEOS_DEPLOYMENT_TARGET = 12.0;
				LD_RUNPATH_SEARCH_PATHS = (
					"$(inherited)",
					"@executable_path/Frameworks",
					"@loader_path/Frameworks",
				);
				PRODUCT_BUNDLE_IDENTIFIER = com.livefront.Sheets;
				PRODUCT_NAME = "$(TARGET_NAME:c99extidentifier)";
				SKIP_INSTALL = YES;
				SWIFT_VERSION = 5.0;
				TARGETED_DEVICE_FAMILY = "1,2";
			};
			name = Release;
		};
		C9496F8B219B2A4A003753AC /* Debug */ = {
			isa = XCBuildConfiguration;
			buildSettings = {
				ALWAYS_EMBED_SWIFT_STANDARD_LIBRARIES = YES;
				CLANG_ENABLE_MODULES = YES;
				CODE_SIGN_STYLE = Automatic;
				DEVELOPMENT_TEAM = Q6SZ37AHX7;
				INFOPLIST_FILE = SheetsTests/Support/Info.plist;
				LD_RUNPATH_SEARCH_PATHS = (
					"$(inherited)",
					"@executable_path/Frameworks",
					"@loader_path/Frameworks",
				);
				PRODUCT_BUNDLE_IDENTIFIER = com.livefront.SheetsTests;
				PRODUCT_NAME = "$(TARGET_NAME)";
				SWIFT_OPTIMIZATION_LEVEL = "-Onone";
				SWIFT_VERSION = 5.0;
				TARGETED_DEVICE_FAMILY = "1,2";
			};
			name = Debug;
		};
		C9496F8C219B2A4A003753AC /* Release */ = {
			isa = XCBuildConfiguration;
			buildSettings = {
				ALWAYS_EMBED_SWIFT_STANDARD_LIBRARIES = YES;
				CLANG_ENABLE_MODULES = YES;
				CODE_SIGN_STYLE = Automatic;
				DEVELOPMENT_TEAM = Q6SZ37AHX7;
				INFOPLIST_FILE = SheetsTests/Support/Info.plist;
				LD_RUNPATH_SEARCH_PATHS = (
					"$(inherited)",
					"@executable_path/Frameworks",
					"@loader_path/Frameworks",
				);
				PRODUCT_BUNDLE_IDENTIFIER = com.livefront.SheetsTests;
				PRODUCT_NAME = "$(TARGET_NAME)";
				SWIFT_VERSION = 5.0;
				TARGETED_DEVICE_FAMILY = "1,2";
			};
			name = Release;
		};
/* End XCBuildConfiguration section */

/* Begin XCConfigurationList section */
		C9496F6D219B2A4A003753AC /* Build configuration list for PBXProject "Sheets" */ = {
			isa = XCConfigurationList;
			buildConfigurations = (
				C9496F85219B2A4A003753AC /* Debug */,
				C9496F86219B2A4A003753AC /* Release */,
			);
			defaultConfigurationIsVisible = 0;
			defaultConfigurationName = Release;
		};
		C9496F87219B2A4A003753AC /* Build configuration list for PBXNativeTarget "Sheets" */ = {
			isa = XCConfigurationList;
			buildConfigurations = (
				C9496F88219B2A4A003753AC /* Debug */,
				C9496F89219B2A4A003753AC /* Release */,
			);
			defaultConfigurationIsVisible = 0;
			defaultConfigurationName = Release;
		};
		C9496F8A219B2A4A003753AC /* Build configuration list for PBXNativeTarget "SheetsTests" */ = {
			isa = XCConfigurationList;
			buildConfigurations = (
				C9496F8B219B2A4A003753AC /* Debug */,
				C9496F8C219B2A4A003753AC /* Release */,
			);
			defaultConfigurationIsVisible = 0;
			defaultConfigurationName = Release;
		};
/* End XCConfigurationList section */
	};
	rootObject = C9496F6A219B2A4A003753AC /* Project object */;
}
